// !$*UTF8*$!
{
	archiveVersion = 1;
	classes = {
	};
	objectVersion = 56;
	objects = {

/* Begin PBXBuildFile section */
		706168872A516F9E00D01C51 /* AppDelegate.swift in Sources */ = {isa = PBXBuildFile; fileRef = 706168862A516F9E00D01C51 /* AppDelegate.swift */; };
		706168892A516F9E00D01C51 /* SceneDelegate.swift in Sources */ = {isa = PBXBuildFile; fileRef = 706168882A516F9E00D01C51 /* SceneDelegate.swift */; };
		7061688B2A516F9E00D01C51 /* ViewController.swift in Sources */ = {isa = PBXBuildFile; fileRef = 7061688A2A516F9E00D01C51 /* ViewController.swift */; };
		7061688E2A516F9E00D01C51 /* Main.storyboard in Resources */ = {isa = PBXBuildFile; fileRef = 7061688C2A516F9E00D01C51 /* Main.storyboard */; };
		706168912A516F9E00D01C51 /* Flash_Cards.xcdatamodeld in Sources */ = {isa = PBXBuildFile; fileRef = 7061688F2A516F9E00D01C51 /* Flash_Cards.xcdatamodeld */; };
		706168932A516F9F00D01C51 /* Assets.xcassets in Resources */ = {isa = PBXBuildFile; fileRef = 706168922A516F9F00D01C51 /* Assets.xcassets */; };
		706168962A516F9F00D01C51 /* LaunchScreen.storyboard in Resources */ = {isa = PBXBuildFile; fileRef = 706168942A516F9F00D01C51 /* LaunchScreen.storyboard */; };
		706168A02A5172FF00D01C51 /* FlashCardViewController.swift in Sources */ = {isa = PBXBuildFile; fileRef = 7061689F2A5172FF00D01C51 /* FlashCardViewController.swift */; };
		706168A22A51730E00D01C51 /* ReviewViewController.swift in Sources */ = {isa = PBXBuildFile; fileRef = 706168A12A51730E00D01C51 /* ReviewViewController.swift */; };
		706168A42A5179C700D01C51 /* FlashCard.swift in Sources */ = {isa = PBXBuildFile; fileRef = 706168A32A5179C700D01C51 /* FlashCard.swift */; };
/* End PBXBuildFile section */

/* Begin PBXFileReference section */
		706168832A516F9E00D01C51 /* Flash Cards.app */ = {isa = PBXFileReference; explicitFileType = wrapper.application; includeInIndex = 0; path = "Flash Cards.app"; sourceTree = BUILT_PRODUCTS_DIR; };
		706168862A516F9E00D01C51 /* AppDelegate.swift */ = {isa = PBXFileReference; lastKnownFileType = sourcecode.swift; path = AppDelegate.swift; sourceTree = "<group>"; };
		706168882A516F9E00D01C51 /* SceneDelegate.swift */ = {isa = PBXFileReference; lastKnownFileType = sourcecode.swift; path = SceneDelegate.swift; sourceTree = "<group>"; };
		7061688A2A516F9E00D01C51 /* ViewController.swift */ = {isa = PBXFileReference; lastKnownFileType = sourcecode.swift; path = ViewController.swift; sourceTree = "<group>"; };
		7061688D2A516F9E00D01C51 /* Base */ = {isa = PBXFileReference; lastKnownFileType = file.storyboard; name = Base; path = Base.lproj/Main.storyboard; sourceTree = "<group>"; };
		706168902A516F9E00D01C51 /* Flash_Cards.xcdatamodel */ = {isa = PBXFileReference; lastKnownFileType = wrapper.xcdatamodel; path = Flash_Cards.xcdatamodel; sourceTree = "<group>"; };
		706168922A516F9F00D01C51 /* Assets.xcassets */ = {isa = PBXFileReference; lastKnownFileType = folder.assetcatalog; path = Assets.xcassets; sourceTree = "<group>"; };
		706168952A516F9F00D01C51 /* Base */ = {isa = PBXFileReference; lastKnownFileType = file.storyboard; name = Base; path = Base.lproj/LaunchScreen.storyboard; sourceTree = "<group>"; };
		706168972A516F9F00D01C51 /* Info.plist */ = {isa = PBXFileReference; lastKnownFileType = text.plist.xml; path = Info.plist; sourceTree = "<group>"; };
		7061689F2A5172FF00D01C51 /* FlashCardViewController.swift */ = {isa = PBXFileReference; lastKnownFileType = sourcecode.swift; path = FlashCardViewController.swift; sourceTree = "<group>"; };
		706168A12A51730E00D01C51 /* ReviewViewController.swift */ = {isa = PBXFileReference; lastKnownFileType = sourcecode.swift; path = ReviewViewController.swift; sourceTree = "<group>"; };
		706168A32A5179C700D01C51 /* FlashCard.swift */ = {isa = PBXFileReference; lastKnownFileType = sourcecode.swift; path = FlashCard.swift; sourceTree = "<group>"; };
/* End PBXFileReference section */

/* Begin PBXFrameworksBuildPhase section */
		706168802A516F9E00D01C51 /* Frameworks */ = {
			isa = PBXFrameworksBuildPhase;
			buildActionMask = 2147483647;
			files = (
			);
			runOnlyForDeploymentPostprocessing = 0;
		};
/* End PBXFrameworksBuildPhase section */

/* Begin PBXGroup section */
		7061687A2A516F9E00D01C51 = {
			isa = PBXGroup;
			children = (
				706168852A516F9E00D01C51 /* Flash Cards */,
				706168842A516F9E00D01C51 /* Products */,
			);
			sourceTree = "<group>";
		};
		706168842A516F9E00D01C51 /* Products */ = {
			isa = PBXGroup;
			children = (
				706168832A516F9E00D01C51 /* Flash Cards.app */,
			);
			name = Products;
			sourceTree = "<group>";
		};
		706168852A516F9E00D01C51 /* Flash Cards */ = {
			isa = PBXGroup;
			children = (
				706168862A516F9E00D01C51 /* AppDelegate.swift */,
				706168882A516F9E00D01C51 /* SceneDelegate.swift */,
				7061688A2A516F9E00D01C51 /* ViewController.swift */,
				7061688C2A516F9E00D01C51 /* Main.storyboard */,
				706168A32A5179C700D01C51 /* FlashCard.swift */,
				7061689F2A5172FF00D01C51 /* FlashCardViewController.swift */,
				706168A12A51730E00D01C51 /* ReviewViewController.swift */,
				706168922A516F9F00D01C51 /* Assets.xcassets */,
				706168942A516F9F00D01C51 /* LaunchScreen.storyboard */,
				706168972A516F9F00D01C51 /* Info.plist */,
				7061688F2A516F9E00D01C51 /* Flash_Cards.xcdatamodeld */,
			);
			path = "Flash Cards";
			sourceTree = "<group>";
		};
/* End PBXGroup section */

/* Begin PBXNativeTarget section */
		706168822A516F9E00D01C51 /* Flash Cards */ = {
			isa = PBXNativeTarget;
			buildConfigurationList = 7061689A2A516F9F00D01C51 /* Build configuration list for PBXNativeTarget "Flash Cards" */;
			buildPhases = (
				7061687F2A516F9E00D01C51 /* Sources */,
				706168802A516F9E00D01C51 /* Frameworks */,
				706168812A516F9E00D01C51 /* Resources */,
			);
			buildRules = (
			);
			dependencies = (
			);
			name = "Flash Cards";
			productName = "Flash Cards";
			productReference = 706168832A516F9E00D01C51 /* Flash Cards.app */;
			productType = "com.apple.product-type.application";
		};
/* End PBXNativeTarget section */

/* Begin PBXProject section */
		7061687B2A516F9E00D01C51 /* Project object */ = {
			isa = PBXProject;
			attributes = {
				BuildIndependentTargetsInParallel = 1;
				LastSwiftUpdateCheck = 1430;
				LastUpgradeCheck = 1430;
				TargetAttributes = {
					706168822A516F9E00D01C51 = {
						CreatedOnToolsVersion = 14.3.1;
					};
				};
			};
			buildConfigurationList = 7061687E2A516F9E00D01C51 /* Build configuration list for PBXProject "Flash Cards" */;
			compatibilityVersion = "Xcode 14.0";
			developmentRegion = en;
			hasScannedForEncodings = 0;
			knownRegions = (
				en,
				Base,
			);
			mainGroup = 7061687A2A516F9E00D01C51;
			productRefGroup = 706168842A516F9E00D01C51 /* Products */;
			projectDirPath = "";
			projectRoot = "";
			targets = (
				706168822A516F9E00D01C51 /* Flash Cards */,
			);
		};
/* End PBXProject section */

/* Begin PBXResourcesBuildPhase section */
		706168812A516F9E00D01C51 /* Resources */ = {
			isa = PBXResourcesBuildPhase;
			buildActionMask = 2147483647;
			files = (
				706168962A516F9F00D01C51 /* LaunchScreen.storyboard in Resources */,
				706168932A516F9F00D01C51 /* Assets.xcassets in Resources */,
				7061688E2A516F9E00D01C51 /* Main.storyboard in Resources */,
			);
			runOnlyForDeploymentPostprocessing = 0;
		};
/* End PBXResourcesBuildPhase section */

/* Begin PBXSourcesBuildPhase section */
		7061687F2A516F9E00D01C51 /* Sources */ = {
			isa = PBXSourcesBuildPhase;
			buildActionMask = 2147483647;
			files = (
				7061688B2A516F9E00D01C51 /* ViewController.swift in Sources */,
				706168872A516F9E00D01C51 /* AppDelegate.swift in Sources */,
				706168A22A51730E00D01C51 /* ReviewViewController.swift in Sources */,
				706168912A516F9E00D01C51 /* Flash_Cards.xcdatamodeld in Sources */,
				706168892A516F9E00D01C51 /* SceneDelegate.swift in Sources */,
				706168A42A5179C700D01C51 /* FlashCard.swift in Sources */,
				706168A02A5172FF00D01C51 /* FlashCardViewController.swift in Sources */,
			);
			runOnlyForDeploymentPostprocessing = 0;
		};
/* End PBXSourcesBuildPhase section */

/* Begin PBXVariantGroup section */
		7061688C2A516F9E00D01C51 /* Main.storyboard */ = {
			isa = PBXVariantGroup;
			children = (
				7061688D2A516F9E00D01C51 /* Base */,
			);
			name = Main.storyboard;
			sourceTree = "<group>";
		};
		706168942A516F9F00D01C51 /* LaunchScreen.storyboard */ = {
			isa = PBXVariantGroup;
			children = (
				706168952A516F9F00D01C51 /* Base */,
			);
			name = LaunchScreen.storyboard;
			sourceTree = "<group>";
		};
/* End PBXVariantGroup section */

/* Begin XCBuildConfiguration section */
		706168982A516F9F00D01C51 /* Debug */ = {
			isa = XCBuildConfiguration;
			buildSettings = {
				ALWAYS_SEARCH_USER_PATHS = NO;
				CLANG_ANALYZER_NONNULL = YES;
				CLANG_ANALYZER_NUMBER_OBJECT_CONVERSION = YES_AGGRESSIVE;
				CLANG_CXX_LANGUAGE_STANDARD = "gnu++20";
				CLANG_ENABLE_MODULES = YES;
				CLANG_ENABLE_OBJC_ARC = YES;
				CLANG_ENABLE_OBJC_WEAK = YES;
				CLANG_WARN_BLOCK_CAPTURE_AUTORELEASING = YES;
				CLANG_WARN_BOOL_CONVERSION = YES;
				CLANG_WARN_COMMA = YES;
				CLANG_WARN_CONSTANT_CONVERSION = YES;
				CLANG_WARN_DEPRECATED_OBJC_IMPLEMENTATIONS = YES;
				CLANG_WARN_DIRECT_OBJC_ISA_USAGE = YES_ERROR;
				CLANG_WARN_DOCUMENTATION_COMMENTS = YES;
				CLANG_WARN_EMPTY_BODY = YES;
				CLANG_WARN_ENUM_CONVERSION = YES;
				CLANG_WARN_INFINITE_RECURSION = YES;
				CLANG_WARN_INT_CONVERSION = YES;
				CLANG_WARN_NON_LITERAL_NULL_CONVERSION = YES;
				CLANG_WARN_OBJC_IMPLICIT_RETAIN_SELF = YES;
				CLANG_WARN_OBJC_LITERAL_CONVERSION = YES;
				CLANG_WARN_OBJC_ROOT_CLASS = YES_ERROR;
				CLANG_WARN_QUOTED_INCLUDE_IN_FRAMEWORK_HEADER = YES;
				CLANG_WARN_RANGE_LOOP_ANALYSIS = YES;
				CLANG_WARN_STRICT_PROTOTYPES = YES;
				CLANG_WARN_SUSPICIOUS_MOVE = YES;
				CLANG_WARN_UNGUARDED_AVAILABILITY = YES_AGGRESSIVE;
				CLANG_WARN_UNREACHABLE_CODE = YES;
				CLANG_WARN__DUPLICATE_METHOD_MATCH = YES;
				COPY_PHASE_STRIP = NO;
				DEBUG_INFORMATION_FORMAT = dwarf;
				ENABLE_STRICT_OBJC_MSGSEND = YES;
				ENABLE_TESTABILITY = YES;
				GCC_C_LANGUAGE_STANDARD = gnu11;
				GCC_DYNAMIC_NO_PIC = NO;
				GCC_NO_COMMON_BLOCKS = YES;
				GCC_OPTIMIZATION_LEVEL = 0;
				GCC_PREPROCESSOR_DEFINITIONS = (
					"DEBUG=1",
					"$(inherited)",
				);
				GCC_WARN_64_TO_32_BIT_CONVERSION = YES;
				GCC_WARN_ABOUT_RETURN_TYPE = YES_ERROR;
				GCC_WARN_UNDECLARED_SELECTOR = YES;
				GCC_WARN_UNINITIALIZED_AUTOS = YES_AGGRESSIVE;
				GCC_WARN_UNUSED_FUNCTION = YES;
				GCC_WARN_UNUSED_VARIABLE = YES;
				IPHONEOS_DEPLOYMENT_TARGET = 16.4;
				MTL_ENABLE_DEBUG_INFO = INCLUDE_SOURCE;
				MTL_FAST_MATH = YES;
				ONLY_ACTIVE_ARCH = YES;
				SDKROOT = iphoneos;
				SWIFT_ACTIVE_COMPILATION_CONDITIONS = DEBUG;
				SWIFT_OPTIMIZATION_LEVEL = "-Onone";
			};
			name = Debug;
		};
		706168992A516F9F00D01C51 /* Release */ = {
			isa = XCBuildConfiguration;
			buildSettings = {
				ALWAYS_SEARCH_USER_PATHS = NO;
				CLANG_ANALYZER_NONNULL = YES;
				CLANG_ANALYZER_NUMBER_OBJECT_CONVERSION = YES_AGGRESSIVE;
				CLANG_CXX_LANGUAGE_STANDARD = "gnu++20";
				CLANG_ENABLE_MODULES = YES;
				CLANG_ENABLE_OBJC_ARC = YES;
				CLANG_ENABLE_OBJC_WEAK = YES;
				CLANG_WARN_BLOCK_CAPTURE_AUTORELEASING = YES;
				CLANG_WARN_BOOL_CONVERSION = YES;
				CLANG_WARN_COMMA = YES;
				CLANG_WARN_CONSTANT_CONVERSION = YES;
				CLANG_WARN_DEPRECATED_OBJC_IMPLEMENTATIONS = YES;
				CLANG_WARN_DIRECT_OBJC_ISA_USAGE = YES_ERROR;
				CLANG_WARN_DOCUMENTATION_COMMENTS = YES;
				CLANG_WARN_EMPTY_BODY = YES;
				CLANG_WARN_ENUM_CONVERSION = YES;
				CLANG_WARN_INFINITE_RECURSION = YES;
				CLANG_WARN_INT_CONVERSION = YES;
				CLANG_WARN_NON_LITERAL_NULL_CONVERSION = YES;
				CLANG_WARN_OBJC_IMPLICIT_RETAIN_SELF = YES;
				CLANG_WARN_OBJC_LITERAL_CONVERSION = YES;
				CLANG_WARN_OBJC_ROOT_CLASS = YES_ERROR;
				CLANG_WARN_QUOTED_INCLUDE_IN_FRAMEWORK_HEADER = YES;
				CLANG_WARN_RANGE_LOOP_ANALYSIS = YES;
				CLANG_WARN_STRICT_PROTOTYPES = YES;
				CLANG_WARN_SUSPICIOUS_MOVE = YES;
				CLANG_WARN_UNGUARDED_AVAILABILITY = YES_AGGRESSIVE;
				CLANG_WARN_UNREACHABLE_CODE = YES;
				CLANG_WARN__DUPLICATE_METHOD_MATCH = YES;
				COPY_PHASE_STRIP = NO;
				DEBUG_INFORMATION_FORMAT = "dwarf-with-dsym";
				ENABLE_NS_ASSERTIONS = NO;
				ENABLE_STRICT_OBJC_MSGSEND = YES;
				GCC_C_LANGUAGE_STANDARD = gnu11;
				GCC_NO_COMMON_BLOCKS = YES;
				GCC_WARN_64_TO_32_BIT_CONVERSION = YES;
				GCC_WARN_ABOUT_RETURN_TYPE = YES_ERROR;
				GCC_WARN_UNDECLARED_SELECTOR = YES;
				GCC_WARN_UNINITIALIZED_AUTOS = YES_AGGRESSIVE;
				GCC_WARN_UNUSED_FUNCTION = YES;
				GCC_WARN_UNUSED_VARIABLE = YES;
				IPHONEOS_DEPLOYMENT_TARGET = 16.4;
				MTL_ENABLE_DEBUG_INFO = NO;
				MTL_FAST_MATH = YES;
				SDKROOT = iphoneos;
				SWIFT_COMPILATION_MODE = wholemodule;
				SWIFT_OPTIMIZATION_LEVEL = "-O";
				VALIDATE_PRODUCT = YES;
			};
			name = Release;
		};
		7061689B2A516F9F00D01C51 /* Debug */ = {
			isa = XCBuildConfiguration;
			buildSettings = {
				ASSETCATALOG_COMPILER_APPICON_NAME = AppIcon;
				ASSETCATALOG_COMPILER_GLOBAL_ACCENT_COLOR_NAME = AccentColor;
				CODE_SIGN_STYLE = Automatic;
				CURRENT_PROJECT_VERSION = 1;
				DEVELOPMENT_TEAM = 37SM6X253P;
				GENERATE_INFOPLIST_FILE = YES;
				INFOPLIST_FILE = "Flash Cards/Info.plist";
				INFOPLIST_KEY_UIApplicationSupportsIndirectInputEvents = YES;
				INFOPLIST_KEY_UILaunchStoryboardName = LaunchScreen;
				INFOPLIST_KEY_UIMainStoryboardFile = Main;
				INFOPLIST_KEY_UISupportedInterfaceOrientations_iPad = "UIInterfaceOrientationPortrait UIInterfaceOrientationPortraitUpsideDown UIInterfaceOrientationLandscapeLeft UIInterfaceOrientationLandscapeRight";
				INFOPLIST_KEY_UISupportedInterfaceOrientations_iPhone = "UIInterfaceOrientationPortrait UIInterfaceOrientationLandscapeLeft UIInterfaceOrientationLandscapeRight";
				LD_RUNPATH_SEARCH_PATHS = (
					"$(inherited)",
					"@executable_path/Frameworks",
				);
				MARKETING_VERSION = 1.0;
				PRODUCT_BUNDLE_IDENTIFIER = "com.neo-level.Flash-Cards";
				PRODUCT_NAME = "$(TARGET_NAME)";
				SWIFT_EMIT_LOC_STRINGS = YES;
				SWIFT_VERSION = 5.0;
				TARGETED_DEVICE_FAMILY = "1,2";
			};
			name = Debug;
		};
		7061689C2A516F9F00D01C51 /* Release */ = {
			isa = XCBuildConfiguration;
			buildSettings = {
				ASSETCATALOG_COMPILER_APPICON_NAME = AppIcon;
				ASSETCATALOG_COMPILER_GLOBAL_ACCENT_COLOR_NAME = AccentColor;
				CODE_SIGN_STYLE = Automatic;
				CURRENT_PROJECT_VERSION = 1;
				DEVELOPMENT_TEAM = 37SM6X253P;
				GENERATE_INFOPLIST_FILE = YES;
				INFOPLIST_FILE = "Flash Cards/Info.plist";
				INFOPLIST_KEY_UIApplicationSupportsIndirectInputEvents = YES;
				INFOPLIST_KEY_UILaunchStoryboardName = LaunchScreen;
				INFOPLIST_KEY_UIMainStoryboardFile = Main;
				INFOPLIST_KEY_UISupportedInterfaceOrientations_iPad = "UIInterfaceOrientationPortrait UIInterfaceOrientationPortraitUpsideDown UIInterfaceOrientationLandscapeLeft UIInterfaceOrientationLandscapeRight";
				INFOPLIST_KEY_UISupportedInterfaceOrientations_iPhone = "UIInterfaceOrientationPortrait UIInterfaceOrientationLandscapeLeft UIInterfaceOrientationLandscapeRight";
				LD_RUNPATH_SEARCH_PATHS = (
					"$(inherited)",
					"@executable_path/Frameworks",
				);
				MARKETING_VERSION = 1.0;
				PRODUCT_BUNDLE_IDENTIFIER = "com.neo-level.Flash-Cards";
				PRODUCT_NAME = "$(TARGET_NAME)";
				SWIFT_EMIT_LOC_STRINGS = YES;
				SWIFT_VERSION = 5.0;
				TARGETED_DEVICE_FAMILY = "1,2";
			};
			name = Release;
		};
/* End XCBuildConfiguration section */

/* Begin XCConfigurationList section */
		7061687E2A516F9E00D01C51 /* Build configuration list for PBXProject "Flash Cards" */ = {
			isa = XCConfigurationList;
			buildConfigurations = (
				706168982A516F9F00D01C51 /* Debug */,
				706168992A516F9F00D01C51 /* Release */,
			);
			defaultConfigurationIsVisible = 0;
			defaultConfigurationName = Release;
		};
		7061689A2A516F9F00D01C51 /* Build configuration list for PBXNativeTarget "Flash Cards" */ = {
			isa = XCConfigurationList;
			buildConfigurations = (
				7061689B2A516F9F00D01C51 /* Debug */,
				7061689C2A516F9F00D01C51 /* Release */,
			);
			defaultConfigurationIsVisible = 0;
			defaultConfigurationName = Release;
		};
/* End XCConfigurationList section */

/* Begin XCVersionGroup section */
		7061688F2A516F9E00D01C51 /* Flash_Cards.xcdatamodeld */ = {
			isa = XCVersionGroup;
			children = (
				706168902A516F9E00D01C51 /* Flash_Cards.xcdatamodel */,
			);
			currentVersion = 706168902A516F9E00D01C51 /* Flash_Cards.xcdatamodel */;
			path = Flash_Cards.xcdatamodeld;
			sourceTree = "<group>";
			versionGroupType = wrapper.xcdatamodel;
		};
/* End XCVersionGroup section */
	};
	rootObject = 7061687B2A516F9E00D01C51 /* Project object */;
}
